
Microsoft Visual Studio Solution File, Format Version 12.00
# Visual Studio Version 16
VisualStudioVersion = 16.0.30611.23
MinimumVisualStudioVersion = 10.0.40219.1
Project("{FAE04EC0-301F-11D3-BF4B-00C04F79EFBC}") = "Day1", "Day1.csproj", "{894688DF-E765-4765-B86C-F0B8FC59D0A9}"
EndProject
Global
	GlobalSection(SolutionConfigurationPlatforms) = preSolution
		Debug|Any CPU = Debug|Any CPU
		Release|Any CPU = Release|Any CPU
	EndGlobalSection
	GlobalSection(ProjectConfigurationPlatforms) = postSolution
		{894688DF-E765-4765-B86C-F0B8FC59D0A9}.Debug|Any CPU.ActiveCfg = Debug|Any CPU
		{894688DF-E765-4765-B86C-F0B8FC59D0A9}.Debug|Any CPU.Build.0 = Debug|Any CPU
		{894688DF-E765-4765-B86C-F0B8FC59D0A9}.Release|Any CPU.ActiveCfg = Release|Any CPU
		{894688DF-E765-4765-B86C-F0B8FC59D0A9}.Release|Any CPU.Build.0 = Release|Any CPU
	EndGlobalSection
	GlobalSection(SolutionProperties) = preSolution
		HideSolutionNode = FALSE
	EndGlobalSection
	GlobalSection(ExtensibilityGlobals) = postSolution
		SolutionGuid = {AA87C7D9-5EB9-43E0-B56F-08B258042170}
	EndGlobalSection
EndGlobal
