
Microsoft Visual Studio Solution File, Format Version 12.00
# Visual Studio Version 16
VisualStudioVersion = 16.0.30611.23
MinimumVisualStudioVersion = 10.0.40219.1
Project("{FAE04EC0-301F-11D3-BF4B-00C04F79EFBC}") = "Day3", "Day3.csproj", "{D0B7030E-835A-4EE5-8770-EBDA016512D6}"
EndProject
Global
	GlobalSection(SolutionConfigurationPlatforms) = preSolution
		Debug|Any CPU = Debug|Any CPU
		Release|Any CPU = Release|Any CPU
	EndGlobalSection
	GlobalSection(ProjectConfigurationPlatforms) = postSolution
		{D0B7030E-835A-4EE5-8770-EBDA016512D6}.Debug|Any CPU.ActiveCfg = Debug|Any CPU
		{D0B7030E-835A-4EE5-8770-EBDA016512D6}.Debug|Any CPU.Build.0 = Debug|Any CPU
		{D0B7030E-835A-4EE5-8770-EBDA016512D6}.Release|Any CPU.ActiveCfg = Release|Any CPU
		{D0B7030E-835A-4EE5-8770-EBDA016512D6}.Release|Any CPU.Build.0 = Release|Any CPU
	EndGlobalSection
	GlobalSection(SolutionProperties) = preSolution
		HideSolutionNode = FALSE
	EndGlobalSection
	GlobalSection(ExtensibilityGlobals) = postSolution
		SolutionGuid = {202B497A-BD9A-4DB9-839E-64813F5D9242}
	EndGlobalSection
EndGlobal
