
Microsoft Visual Studio Solution File, Format Version 12.00
# Visual Studio Version 16
VisualStudioVersion = 16.0.30611.23
MinimumVisualStudioVersion = 10.0.40219.1
Project("{FAE04EC0-301F-11D3-BF4B-00C04F79EFBC}") = "Day18", "Day18.csproj", "{2C217901-E012-4C3A-AEDC-F1200262D539}"
EndProject
Global
	GlobalSection(SolutionConfigurationPlatforms) = preSolution
		Debug|Any CPU = Debug|Any CPU
		Release|Any CPU = Release|Any CPU
	EndGlobalSection
	GlobalSection(ProjectConfigurationPlatforms) = postSolution
		{2C217901-E012-4C3A-AEDC-F1200262D539}.Debug|Any CPU.ActiveCfg = Debug|Any CPU
		{2C217901-E012-4C3A-AEDC-F1200262D539}.Debug|Any CPU.Build.0 = Debug|Any CPU
		{2C217901-E012-4C3A-AEDC-F1200262D539}.Release|Any CPU.ActiveCfg = Release|Any CPU
		{2C217901-E012-4C3A-AEDC-F1200262D539}.Release|Any CPU.Build.0 = Release|Any CPU
	EndGlobalSection
	GlobalSection(SolutionProperties) = preSolution
		HideSolutionNode = FALSE
	EndGlobalSection
	GlobalSection(ExtensibilityGlobals) = postSolution
		SolutionGuid = {D6AAE45C-A86F-4B6F-93E9-C6EAFFB2474F}
	EndGlobalSection
EndGlobal
