
Microsoft Visual Studio Solution File, Format Version 12.00
# Visual Studio Version 16
VisualStudioVersion = 16.0.30611.23
MinimumVisualStudioVersion = 10.0.40219.1
Project("{FAE04EC0-301F-11D3-BF4B-00C04F79EFBC}") = "MeetingTimes", "MeetingTimes.csproj", "{3410537D-BB85-4716-984A-33BDF1EB6F7B}"
EndProject
Global
	GlobalSection(SolutionConfigurationPlatforms) = preSolution
		Debug|Any CPU = Debug|Any CPU
		Release|Any CPU = Release|Any CPU
	EndGlobalSection
	GlobalSection(ProjectConfigurationPlatforms) = postSolution
		{3410537D-BB85-4716-984A-33BDF1EB6F7B}.Debug|Any CPU.ActiveCfg = Debug|Any CPU
		{3410537D-BB85-4716-984A-33BDF1EB6F7B}.Debug|Any CPU.Build.0 = Debug|Any CPU
		{3410537D-BB85-4716-984A-33BDF1EB6F7B}.Release|Any CPU.ActiveCfg = Release|Any CPU
		{3410537D-BB85-4716-984A-33BDF1EB6F7B}.Release|Any CPU.Build.0 = Release|Any CPU
	EndGlobalSection
	GlobalSection(SolutionProperties) = preSolution
		HideSolutionNode = FALSE
	EndGlobalSection
	GlobalSection(ExtensibilityGlobals) = postSolution
		SolutionGuid = {774C6E6B-A068-45BE-BB5D-574FF67014BA}
	EndGlobalSection
EndGlobal
