
Microsoft Visual Studio Solution File, Format Version 12.00
# Visual Studio Version 16
VisualStudioVersion = 16.0.30611.23
MinimumVisualStudioVersion = 10.0.40219.1
Project("{FAE04EC0-301F-11D3-BF4B-00C04F79EFBC}") = "Day10", "Day10.csproj", "{175CCFC7-48C5-41EC-AF2A-DA30E08515B2}"
EndProject
Global
	GlobalSection(SolutionConfigurationPlatforms) = preSolution
		Debug|Any CPU = Debug|Any CPU
		Release|Any CPU = Release|Any CPU
	EndGlobalSection
	GlobalSection(ProjectConfigurationPlatforms) = postSolution
		{175CCFC7-48C5-41EC-AF2A-DA30E08515B2}.Debug|Any CPU.ActiveCfg = Debug|Any CPU
		{175CCFC7-48C5-41EC-AF2A-DA30E08515B2}.Debug|Any CPU.Build.0 = Debug|Any CPU
		{175CCFC7-48C5-41EC-AF2A-DA30E08515B2}.Release|Any CPU.ActiveCfg = Release|Any CPU
		{175CCFC7-48C5-41EC-AF2A-DA30E08515B2}.Release|Any CPU.Build.0 = Release|Any CPU
	EndGlobalSection
	GlobalSection(SolutionProperties) = preSolution
		HideSolutionNode = FALSE
	EndGlobalSection
	GlobalSection(ExtensibilityGlobals) = postSolution
		SolutionGuid = {01A63488-CDC6-4286-B8E4-D4971967EF81}
	EndGlobalSection
EndGlobal
