
Microsoft Visual Studio Solution File, Format Version 12.00
# Visual Studio Version 16
VisualStudioVersion = 16.0.30611.23
MinimumVisualStudioVersion = 10.0.40219.1
Project("{FAE04EC0-301F-11D3-BF4B-00C04F79EFBC}") = "Day14", "Day14.csproj", "{89E5E4E4-C89E-48FD-A4AD-10FE6CB98204}"
EndProject
Global
	GlobalSection(SolutionConfigurationPlatforms) = preSolution
		Debug|Any CPU = Debug|Any CPU
		Release|Any CPU = Release|Any CPU
	EndGlobalSection
	GlobalSection(ProjectConfigurationPlatforms) = postSolution
		{89E5E4E4-C89E-48FD-A4AD-10FE6CB98204}.Debug|Any CPU.ActiveCfg = Debug|Any CPU
		{89E5E4E4-C89E-48FD-A4AD-10FE6CB98204}.Debug|Any CPU.Build.0 = Debug|Any CPU
		{89E5E4E4-C89E-48FD-A4AD-10FE6CB98204}.Release|Any CPU.ActiveCfg = Release|Any CPU
		{89E5E4E4-C89E-48FD-A4AD-10FE6CB98204}.Release|Any CPU.Build.0 = Release|Any CPU
	EndGlobalSection
	GlobalSection(SolutionProperties) = preSolution
		HideSolutionNode = FALSE
	EndGlobalSection
	GlobalSection(ExtensibilityGlobals) = postSolution
		SolutionGuid = {0E2F7006-2100-44E9-BB0D-3AF0F9FF8A54}
	EndGlobalSection
EndGlobal
