
Microsoft Visual Studio Solution File, Format Version 12.00
# Visual Studio Version 16
VisualStudioVersion = 16.0.30611.23
MinimumVisualStudioVersion = 10.0.40219.1
Project("{FAE04EC0-301F-11D3-BF4B-00C04F79EFBC}") = "MiniMaxSum", "MiniMaxSum.csproj", "{D38C5DC9-3F00-490F-9C21-74B8ACEA330D}"
EndProject
Global
	GlobalSection(SolutionConfigurationPlatforms) = preSolution
		Debug|Any CPU = Debug|Any CPU
		Release|Any CPU = Release|Any CPU
	EndGlobalSection
	GlobalSection(ProjectConfigurationPlatforms) = postSolution
		{D38C5DC9-3F00-490F-9C21-74B8ACEA330D}.Debug|Any CPU.ActiveCfg = Debug|Any CPU
		{D38C5DC9-3F00-490F-9C21-74B8ACEA330D}.Debug|Any CPU.Build.0 = Debug|Any CPU
		{D38C5DC9-3F00-490F-9C21-74B8ACEA330D}.Release|Any CPU.ActiveCfg = Release|Any CPU
		{D38C5DC9-3F00-490F-9C21-74B8ACEA330D}.Release|Any CPU.Build.0 = Release|Any CPU
	EndGlobalSection
	GlobalSection(SolutionProperties) = preSolution
		HideSolutionNode = FALSE
	EndGlobalSection
	GlobalSection(ExtensibilityGlobals) = postSolution
		SolutionGuid = {E811B846-8C60-40DA-92FE-E5925D9916ED}
	EndGlobalSection
EndGlobal
