
Microsoft Visual Studio Solution File, Format Version 12.00
# Visual Studio Version 16
VisualStudioVersion = 16.0.30611.23
MinimumVisualStudioVersion = 10.0.40219.1
Project("{FAE04EC0-301F-11D3-BF4B-00C04F79EFBC}") = "TimeConversion", "TimeConversion.csproj", "{7F411FE0-62F2-418E-BFA8-960B4B93D75E}"
EndProject
Global
	GlobalSection(SolutionConfigurationPlatforms) = preSolution
		Debug|Any CPU = Debug|Any CPU
		Release|Any CPU = Release|Any CPU
	EndGlobalSection
	GlobalSection(ProjectConfigurationPlatforms) = postSolution
		{7F411FE0-62F2-418E-BFA8-960B4B93D75E}.Debug|Any CPU.ActiveCfg = Debug|Any CPU
		{7F411FE0-62F2-418E-BFA8-960B4B93D75E}.Debug|Any CPU.Build.0 = Debug|Any CPU
		{7F411FE0-62F2-418E-BFA8-960B4B93D75E}.Release|Any CPU.ActiveCfg = Release|Any CPU
		{7F411FE0-62F2-418E-BFA8-960B4B93D75E}.Release|Any CPU.Build.0 = Release|Any CPU
	EndGlobalSection
	GlobalSection(SolutionProperties) = preSolution
		HideSolutionNode = FALSE
	EndGlobalSection
	GlobalSection(ExtensibilityGlobals) = postSolution
		SolutionGuid = {0BBCF60E-0444-472F-A5AB-71FF268F5078}
	EndGlobalSection
EndGlobal
