
Microsoft Visual Studio Solution File, Format Version 12.00
# Visual Studio Version 16
VisualStudioVersion = 16.0.30611.23
MinimumVisualStudioVersion = 10.0.40219.1
Project("{FAE04EC0-301F-11D3-BF4B-00C04F79EFBC}") = "Day7", "Day7.csproj", "{6B637A53-1897-48ED-AA13-E2208CDFB472}"
EndProject
Global
	GlobalSection(SolutionConfigurationPlatforms) = preSolution
		Debug|Any CPU = Debug|Any CPU
		Release|Any CPU = Release|Any CPU
	EndGlobalSection
	GlobalSection(ProjectConfigurationPlatforms) = postSolution
		{6B637A53-1897-48ED-AA13-E2208CDFB472}.Debug|Any CPU.ActiveCfg = Debug|Any CPU
		{6B637A53-1897-48ED-AA13-E2208CDFB472}.Debug|Any CPU.Build.0 = Debug|Any CPU
		{6B637A53-1897-48ED-AA13-E2208CDFB472}.Release|Any CPU.ActiveCfg = Release|Any CPU
		{6B637A53-1897-48ED-AA13-E2208CDFB472}.Release|Any CPU.Build.0 = Release|Any CPU
	EndGlobalSection
	GlobalSection(SolutionProperties) = preSolution
		HideSolutionNode = FALSE
	EndGlobalSection
	GlobalSection(ExtensibilityGlobals) = postSolution
		SolutionGuid = {F45240A0-A456-41A2-B0CB-F3B078D4536D}
	EndGlobalSection
EndGlobal
