
Microsoft Visual Studio Solution File, Format Version 12.00
# Visual Studio Version 16
VisualStudioVersion = 16.0.30611.23
MinimumVisualStudioVersion = 10.0.40219.1
Project("{FAE04EC0-301F-11D3-BF4B-00C04F79EFBC}") = "Day22", "Day22.csproj", "{A75C7B17-4BCA-4A2C-92C2-C03F8CC679AF}"
EndProject
Global
	GlobalSection(SolutionConfigurationPlatforms) = preSolution
		Debug|Any CPU = Debug|Any CPU
		Release|Any CPU = Release|Any CPU
	EndGlobalSection
	GlobalSection(ProjectConfigurationPlatforms) = postSolution
		{A75C7B17-4BCA-4A2C-92C2-C03F8CC679AF}.Debug|Any CPU.ActiveCfg = Debug|Any CPU
		{A75C7B17-4BCA-4A2C-92C2-C03F8CC679AF}.Debug|Any CPU.Build.0 = Debug|Any CPU
		{A75C7B17-4BCA-4A2C-92C2-C03F8CC679AF}.Release|Any CPU.ActiveCfg = Release|Any CPU
		{A75C7B17-4BCA-4A2C-92C2-C03F8CC679AF}.Release|Any CPU.Build.0 = Release|Any CPU
	EndGlobalSection
	GlobalSection(SolutionProperties) = preSolution
		HideSolutionNode = FALSE
	EndGlobalSection
	GlobalSection(ExtensibilityGlobals) = postSolution
		SolutionGuid = {4D16B4E9-17A6-484E-96DC-3A8E35174FC9}
	EndGlobalSection
EndGlobal
